
Microsoft Visual Studio Solution File, Format Version 12.00
# Visual Studio Version 17
VisualStudioVersion = 17.10.35013.160
MinimumVisualStudioVersion = 10.0.40219.1
Project("{FAE04EC0-301F-11D3-BF4B-00C04F79EFBC}") = "Q6", "Q6.csproj", "{7DAD5B5A-560B-4C84-8B3F-F65DAEDEFDBB}"
EndProject
Global
	GlobalSection(SolutionConfigurationPlatforms) = preSolution
		Debug|Any CPU = Debug|Any CPU
		Release|Any CPU = Release|Any CPU
	EndGlobalSection
	GlobalSection(ProjectConfigurationPlatforms) = postSolution
		{7DAD5B5A-560B-4C84-8B3F-F65DAEDEFDBB}.Debug|Any CPU.ActiveCfg = Debug|Any CPU
		{7DAD5B5A-560B-4C84-8B3F-F65DAEDEFDBB}.Debug|Any CPU.Build.0 = Debug|Any CPU
		{7DAD5B5A-560B-4C84-8B3F-F65DAEDEFDBB}.Release|Any CPU.ActiveCfg = Release|Any CPU
		{7DAD5B5A-560B-4C84-8B3F-F65DAEDEFDBB}.Release|Any CPU.Build.0 = Release|Any CPU
	EndGlobalSection
	GlobalSection(SolutionProperties) = preSolution
		HideSolutionNode = FALSE
	EndGlobalSection
	GlobalSection(ExtensibilityGlobals) = postSolution
		SolutionGuid = {F9F1926A-BCB5-4272-8996-905FD98B28A9}
	EndGlobalSection
EndGlobal
